// !$*UTF8*$!
{
	archiveVersion = 1;
	classes = {
	};
	objectVersion = 54;
	objects = {

/* Begin PBXBuildFile section */
		E514BE802D445B9E007D3269 /* Tests_iOS.swift in Sources */ = {isa = PBXBuildFile; fileRef = E514BE7F2D445B9E007D3269 /* Tests_iOS.swift */; };
		E514BE8B2D445B9E007D3269 /* Tests_macOS.swift in Sources */ = {isa = PBXBuildFile; fileRef = E514BE8A2D445B9E007D3269 /* Tests_macOS.swift */; };
		E514BE8D2D445B9E007D3269 /* Call_A_ColeApp.swift in Sources */ = {isa = PBXBuildFile; fileRef = E514BE642D445B9D007D3269 /* Call_A_ColeApp.swift */; };
		E514BE8E2D445B9E007D3269 /* Call_A_ColeApp.swift in Sources */ = {isa = PBXBuildFile; fileRef = E514BE642D445B9D007D3269 /* Call_A_ColeApp.swift */; };
		E514BE8F2D445B9E007D3269 /* ContentView.swift in Sources */ = {isa = PBXBuildFile; fileRef = E514BE652D445B9D007D3269 /* ContentView.swift */; };
		E514BE902D445B9E007D3269 /* ContentView.swift in Sources */ = {isa = PBXBuildFile; fileRef = E514BE652D445B9D007D3269 /* ContentView.swift */; };
		E514BE912D445B9E007D3269 /* Assets.xcassets in Resources */ = {isa = PBXBuildFile; fileRef = E514BE662D445B9E007D3269 /* Assets.xcassets */; };
		E514BE922D445B9E007D3269 /* Assets.xcassets in Resources */ = {isa = PBXBuildFile; fileRef = E514BE662D445B9E007D3269 /* Assets.xcassets */; };
/* End PBXBuildFile section */

/* Begin PBXContainerItemProxy section */
		E514BE7C2D445B9E007D3269 /* PBXContainerItemProxy */ = {
			isa = PBXContainerItemProxy;
			containerPortal = E514BE5F2D445B9D007D3269 /* Project object */;
			proxyType = 1;
			remoteGlobalIDString = E514BE6A2D445B9E007D3269;
			remoteInfo = "Call-A-Cole (iOS)";
		};
		E514BE872D445B9E007D3269 /* PBXContainerItemProxy */ = {
			isa = PBXContainerItemProxy;
			containerPortal = E514BE5F2D445B9D007D3269 /* Project object */;
			proxyType = 1;
			remoteGlobalIDString = E514BE722D445B9E007D3269;
			remoteInfo = "Call-A-Cole (macOS)";
		};
/* End PBXContainerItemProxy section */

/* Begin PBXFileReference section */
		E514BE642D445B9D007D3269 /* Call_A_ColeApp.swift */ = {isa = PBXFileReference; lastKnownFileType = sourcecode.swift; path = Call_A_ColeApp.swift; sourceTree = "<group>"; };
		E514BE652D445B9D007D3269 /* ContentView.swift */ = {isa = PBXFileReference; lastKnownFileType = sourcecode.swift; path = ContentView.swift; sourceTree = "<group>"; };
		E514BE662D445B9E007D3269 /* Assets.xcassets */ = {isa = PBXFileReference; lastKnownFileType = folder.assetcatalog; path = Assets.xcassets; sourceTree = "<group>"; };
		E514BE6B2D445B9E007D3269 /* Call-A-Cole.app */ = {isa = PBXFileReference; explicitFileType = wrapper.application; includeInIndex = 0; path = "Call-A-Cole.app"; sourceTree = BUILT_PRODUCTS_DIR; };
		E514BE6E2D445B9E007D3269 /* Info.plist */ = {isa = PBXFileReference; lastKnownFileType = text.plist.xml; path = Info.plist; sourceTree = "<group>"; };
		E514BE732D445B9E007D3269 /* Call-A-Cole.app */ = {isa = PBXFileReference; explicitFileType = wrapper.application; includeInIndex = 0; path = "Call-A-Cole.app"; sourceTree = BUILT_PRODUCTS_DIR; };
		E514BE752D445B9E007D3269 /* Info.plist */ = {isa = PBXFileReference; lastKnownFileType = text.plist.xml; path = Info.plist; sourceTree = "<group>"; };
		E514BE762D445B9E007D3269 /* macOS.entitlements */ = {isa = PBXFileReference; lastKnownFileType = text.plist.entitlements; path = macOS.entitlements; sourceTree = "<group>"; };
		E514BE7B2D445B9E007D3269 /* Tests iOS.xctest */ = {isa = PBXFileReference; explicitFileType = wrapper.cfbundle; includeInIndex = 0; path = "Tests iOS.xctest"; sourceTree = BUILT_PRODUCTS_DIR; };
		E514BE7F2D445B9E007D3269 /* Tests_iOS.swift */ = {isa = PBXFileReference; lastKnownFileType = sourcecode.swift; path = Tests_iOS.swift; sourceTree = "<group>"; };
		E514BE812D445B9E007D3269 /* Info.plist */ = {isa = PBXFileReference; lastKnownFileType = text.plist.xml; path = Info.plist; sourceTree = "<group>"; };
		E514BE862D445B9E007D3269 /* Tests macOS.xctest */ = {isa = PBXFileReference; explicitFileType = wrapper.cfbundle; includeInIndex = 0; path = "Tests macOS.xctest"; sourceTree = BUILT_PRODUCTS_DIR; };
		E514BE8A2D445B9E007D3269 /* Tests_macOS.swift */ = {isa = PBXFileReference; lastKnownFileType = sourcecode.swift; path = Tests_macOS.swift; sourceTree = "<group>"; };
		E514BE8C2D445B9E007D3269 /* Info.plist */ = {isa = PBXFileReference; lastKnownFileType = text.plist.xml; path = Info.plist; sourceTree = "<group>"; };
/* End PBXFileReference section */

/* Begin PBXFrameworksBuildPhase section */
		E514BE682D445B9E007D3269 /* Frameworks */ = {
			isa = PBXFrameworksBuildPhase;
			buildActionMask = 2147483647;
			files = (
			);
			runOnlyForDeploymentPostprocessing = 0;
		};
		E514BE702D445B9E007D3269 /* Frameworks */ = {
			isa = PBXFrameworksBuildPhase;
			buildActionMask = 2147483647;
			files = (
			);
			runOnlyForDeploymentPostprocessing = 0;
		};
		E514BE782D445B9E007D3269 /* Frameworks */ = {
			isa = PBXFrameworksBuildPhase;
			buildActionMask = 2147483647;
			files = (
			);
			runOnlyForDeploymentPostprocessing = 0;
		};
		E514BE832D445B9E007D3269 /* Frameworks */ = {
			isa = PBXFrameworksBuildPhase;
			buildActionMask = 2147483647;
			files = (
			);
			runOnlyForDeploymentPostprocessing = 0;
		};
/* End PBXFrameworksBuildPhase section */

/* Begin PBXGroup section */
		E514BE5E2D445B9D007D3269 = {
			isa = PBXGroup;
			children = (
				E514BE632D445B9D007D3269 /* Shared */,
				E514BE6D2D445B9E007D3269 /* iOS */,
				E514BE742D445B9E007D3269 /* macOS */,
				E514BE7E2D445B9E007D3269 /* Tests iOS */,
				E514BE892D445B9E007D3269 /* Tests macOS */,
				E514BE6C2D445B9E007D3269 /* Products */,
			);
			sourceTree = "<group>";
		};
		E514BE632D445B9D007D3269 /* Shared */ = {
			isa = PBXGroup;
			children = (
				E514BE642D445B9D007D3269 /* Call_A_ColeApp.swift */,
				E514BE652D445B9D007D3269 /* ContentView.swift */,
				E514BE662D445B9E007D3269 /* Assets.xcassets */,
			);
			path = Shared;
			sourceTree = "<group>";
		};
		E514BE6C2D445B9E007D3269 /* Products */ = {
			isa = PBXGroup;
			children = (
				E514BE6B2D445B9E007D3269 /* Call-A-Cole.app */,
				E514BE732D445B9E007D3269 /* Call-A-Cole.app */,
				E514BE7B2D445B9E007D3269 /* Tests iOS.xctest */,
				E514BE862D445B9E007D3269 /* Tests macOS.xctest */,
			);
			name = Products;
			sourceTree = "<group>";
		};
		E514BE6D2D445B9E007D3269 /* iOS */ = {
			isa = PBXGroup;
			children = (
				E514BE6E2D445B9E007D3269 /* Info.plist */,
			);
			path = iOS;
			sourceTree = "<group>";
		};
		E514BE742D445B9E007D3269 /* macOS */ = {
			isa = PBXGroup;
			children = (
				E514BE752D445B9E007D3269 /* Info.plist */,
				E514BE762D445B9E007D3269 /* macOS.entitlements */,
			);
			path = macOS;
			sourceTree = "<group>";
		};
		E514BE7E2D445B9E007D3269 /* Tests iOS */ = {
			isa = PBXGroup;
			children = (
				E514BE7F2D445B9E007D3269 /* Tests_iOS.swift */,
				E514BE812D445B9E007D3269 /* Info.plist */,
			);
			path = "Tests iOS";
			sourceTree = "<group>";
		};
		E514BE892D445B9E007D3269 /* Tests macOS */ = {
			isa = PBXGroup;
			children = (
				E514BE8A2D445B9E007D3269 /* Tests_macOS.swift */,
				E514BE8C2D445B9E007D3269 /* Info.plist */,
			);
			path = "Tests macOS";
			sourceTree = "<group>";
		};
/* End PBXGroup section */

/* Begin PBXNativeTarget section */
		E514BE6A2D445B9E007D3269 /* Call-A-Cole (iOS) */ = {
			isa = PBXNativeTarget;
			buildConfigurationList = E514BE952D445B9E007D3269 /* Build configuration list for PBXNativeTarget "Call-A-Cole (iOS)" */;
			buildPhases = (
				E514BE672D445B9E007D3269 /* Sources */,
				E514BE682D445B9E007D3269 /* Frameworks */,
				E514BE692D445B9E007D3269 /* Resources */,
			);
			buildRules = (
			);
			dependencies = (
			);
			name = "Call-A-Cole (iOS)";
			productName = "Call-A-Cole (iOS)";
			productReference = E514BE6B2D445B9E007D3269 /* Call-A-Cole.app */;
			productType = "com.apple.product-type.application";
		};
		E514BE722D445B9E007D3269 /* Call-A-Cole (macOS) */ = {
			isa = PBXNativeTarget;
			buildConfigurationList = E514BE982D445B9E007D3269 /* Build configuration list for PBXNativeTarget "Call-A-Cole (macOS)" */;
			buildPhases = (
				E514BE6F2D445B9E007D3269 /* Sources */,
				E514BE702D445B9E007D3269 /* Frameworks */,
				E514BE712D445B9E007D3269 /* Resources */,
			);
			buildRules = (
			);
			dependencies = (
			);
			name = "Call-A-Cole (macOS)";
			productName = "Call-A-Cole (macOS)";
			productReference = E514BE732D445B9E007D3269 /* Call-A-Cole.app */;
			productType = "com.apple.product-type.application";
		};
		E514BE7A2D445B9E007D3269 /* Tests iOS */ = {
			isa = PBXNativeTarget;
			buildConfigurationList = E514BE9B2D445B9E007D3269 /* Build configuration list for PBXNativeTarget "Tests iOS" */;
			buildPhases = (
				E514BE772D445B9E007D3269 /* Sources */,
				E514BE782D445B9E007D3269 /* Frameworks */,
				E514BE792D445B9E007D3269 /* Resources */,
			);
			buildRules = (
			);
			dependencies = (
				E514BE7D2D445B9E007D3269 /* PBXTargetDependency */,
			);
			name = "Tests iOS";
			productName = "Tests iOS";
			productReference = E514BE7B2D445B9E007D3269 /* Tests iOS.xctest */;
			productType = "com.apple.product-type.bundle.ui-testing";
		};
		E514BE852D445B9E007D3269 /* Tests macOS */ = {
			isa = PBXNativeTarget;
			buildConfigurationList = E514BE9E2D445B9E007D3269 /* Build configuration list for PBXNativeTarget "Tests macOS" */;
			buildPhases = (
				E514BE822D445B9E007D3269 /* Sources */,
				E514BE832D445B9E007D3269 /* Frameworks */,
				E514BE842D445B9E007D3269 /* Resources */,
			);
			buildRules = (
			);
			dependencies = (
				E514BE882D445B9E007D3269 /* PBXTargetDependency */,
			);
			name = "Tests macOS";
			productName = "Tests macOS";
			productReference = E514BE862D445B9E007D3269 /* Tests macOS.xctest */;
			productType = "com.apple.product-type.bundle.ui-testing";
		};
/* End PBXNativeTarget section */

/* Begin PBXProject section */
		E514BE5F2D445B9D007D3269 /* Project object */ = {
			isa = PBXProject;
			attributes = {
				LastSwiftUpdateCheck = 1240;
				LastUpgradeCheck = 1240;
				TargetAttributes = {
					E514BE6A2D445B9E007D3269 = {
						CreatedOnToolsVersion = 12.4;
					};
					E514BE722D445B9E007D3269 = {
						CreatedOnToolsVersion = 12.4;
					};
					E514BE7A2D445B9E007D3269 = {
						CreatedOnToolsVersion = 12.4;
						TestTargetID = E514BE6A2D445B9E007D3269;
					};
					E514BE852D445B9E007D3269 = {
						CreatedOnToolsVersion = 12.4;
						TestTargetID = E514BE722D445B9E007D3269;
					};
				};
			};
			buildConfigurationList = E514BE622D445B9D007D3269 /* Build configuration list for PBXProject "Call-A-Cole" */;
			compatibilityVersion = "Xcode 12.0";
			developmentRegion = en;
			hasScannedForEncodings = 0;
			knownRegions = (
				en,
				Base,
			);
			mainGroup = E514BE5E2D445B9D007D3269;
			productRefGroup = E514BE6C2D445B9E007D3269 /* Products */;
			projectDirPath = "";
			projectRoot = "";
			targets = (
				E514BE6A2D445B9E007D3269 /* Call-A-Cole (iOS) */,
				E514BE722D445B9E007D3269 /* Call-A-Cole (macOS) */,
				E514BE7A2D445B9E007D3269 /* Tests iOS */,
				E514BE852D445B9E007D3269 /* Tests macOS */,
			);
		};
/* End PBXProject section */

/* Begin PBXResourcesBuildPhase section */
		E514BE692D445B9E007D3269 /* Resources */ = {
			isa = PBXResourcesBuildPhase;
			buildActionMask = 2147483647;
			files = (
				E514BE912D445B9E007D3269 /* Assets.xcassets in Resources */,
			);
			runOnlyForDeploymentPostprocessing = 0;
		};
		E514BE712D445B9E007D3269 /* Resources */ = {
			isa = PBXResourcesBuildPhase;
			buildActionMask = 2147483647;
			files = (
				E514BE922D445B9E007D3269 /* Assets.xcassets in Resources */,
			);
			runOnlyForDeploymentPostprocessing = 0;
		};
		E514BE792D445B9E007D3269 /* Resources */ = {
			isa = PBXResourcesBuildPhase;
			buildActionMask = 2147483647;
			files = (
			);
			runOnlyForDeploymentPostprocessing = 0;
		};
		E514BE842D445B9E007D3269 /* Resources */ = {
			isa = PBXResourcesBuildPhase;
			buildActionMask = 2147483647;
			files = (
			);
			runOnlyForDeploymentPostprocessing = 0;
		};
/* End PBXResourcesBuildPhase section */

/* Begin PBXSourcesBuildPhase section */
		E514BE672D445B9E007D3269 /* Sources */ = {
			isa = PBXSourcesBuildPhase;
			buildActionMask = 2147483647;
			files = (
				E514BE8F2D445B9E007D3269 /* ContentView.swift in Sources */,
				E514BE8D2D445B9E007D3269 /* Call_A_ColeApp.swift in Sources */,
			);
			runOnlyForDeploymentPostprocessing = 0;
		};
		E514BE6F2D445B9E007D3269 /* Sources */ = {
			isa = PBXSourcesBuildPhase;
			buildActionMask = 2147483647;
			files = (
				E514BE902D445B9E007D3269 /* ContentView.swift in Sources */,
				E514BE8E2D445B9E007D3269 /* Call_A_ColeApp.swift in Sources */,
			);
			runOnlyForDeploymentPostprocessing = 0;
		};
		E514BE772D445B9E007D3269 /* Sources */ = {
			isa = PBXSourcesBuildPhase;
			buildActionMask = 2147483647;
			files = (
				E514BE802D445B9E007D3269 /* Tests_iOS.swift in Sources */,
			);
			runOnlyForDeploymentPostprocessing = 0;
		};
		E514BE822D445B9E007D3269 /* Sources */ = {
			isa = PBXSourcesBuildPhase;
			buildActionMask = 2147483647;
			files = (
				E514BE8B2D445B9E007D3269 /* Tests_macOS.swift in Sources */,
			);
			runOnlyForDeploymentPostprocessing = 0;
		};
/* End PBXSourcesBuildPhase section */

/* Begin PBXTargetDependency section */
		E514BE7D2D445B9E007D3269 /* PBXTargetDependency */ = {
			isa = PBXTargetDependency;
			target = E514BE6A2D445B9E007D3269 /* Call-A-Cole (iOS) */;
			targetProxy = E514BE7C2D445B9E007D3269 /* PBXContainerItemProxy */;
		};
		E514BE882D445B9E007D3269 /* PBXTargetDependency */ = {
			isa = PBXTargetDependency;
			target = E514BE722D445B9E007D3269 /* Call-A-Cole (macOS) */;
			targetProxy = E514BE872D445B9E007D3269 /* PBXContainerItemProxy */;
		};
/* End PBXTargetDependency section */

/* Begin XCBuildConfiguration section */
		E514BE932D445B9E007D3269 /* Debug */ = {
			isa = XCBuildConfiguration;
			buildSettings = {
				ALWAYS_SEARCH_USER_PATHS = NO;
				CLANG_ANALYZER_NONNULL = YES;
				CLANG_ANALYZER_NUMBER_OBJECT_CONVERSION = YES_AGGRESSIVE;
				CLANG_CXX_LANGUAGE_STANDARD = "gnu++14";
				CLANG_CXX_LIBRARY = "libc++";
				CLANG_ENABLE_MODULES = YES;
				CLANG_ENABLE_OBJC_ARC = YES;
				CLANG_ENABLE_OBJC_WEAK = YES;
				CLANG_WARN_BLOCK_CAPTURE_AUTORELEASING = YES;
				CLANG_WARN_BOOL_CONVERSION = YES;
				CLANG_WARN_COMMA = YES;
				CLANG_WARN_CONSTANT_CONVERSION = YES;
				CLANG_WARN_DEPRECATED_OBJC_IMPLEMENTATIONS = YES;
				CLANG_WARN_DIRECT_OBJC_ISA_USAGE = YES_ERROR;
				CLANG_WARN_DOCUMENTATION_COMMENTS = YES;
				CLANG_WARN_EMPTY_BODY = YES;
				CLANG_WARN_ENUM_CONVERSION = YES;
				CLANG_WARN_INFINITE_RECURSION = YES;
				CLANG_WARN_INT_CONVERSION = YES;
				CLANG_WARN_NON_LITERAL_NULL_CONVERSION = YES;
				CLANG_WARN_OBJC_IMPLICIT_RETAIN_SELF = YES;
				CLANG_WARN_OBJC_LITERAL_CONVERSION = YES;
				CLANG_WARN_OBJC_ROOT_CLASS = YES_ERROR;
				CLANG_WARN_QUOTED_INCLUDE_IN_FRAMEWORK_HEADER = YES;
				CLANG_WARN_RANGE_LOOP_ANALYSIS = YES;
				CLANG_WARN_STRICT_PROTOTYPES = YES;
				CLANG_WARN_SUSPICIOUS_MOVE = YES;
				CLANG_WARN_UNGUARDED_AVAILABILITY = YES_AGGRESSIVE;
				CLANG_WARN_UNREACHABLE_CODE = YES;
				CLANG_WARN__DUPLICATE_METHOD_MATCH = YES;
				COPY_PHASE_STRIP = NO;
				DEBUG_INFORMATION_FORMAT = dwarf;
				ENABLE_STRICT_OBJC_MSGSEND = YES;
				ENABLE_TESTABILITY = YES;
				GCC_C_LANGUAGE_STANDARD = gnu11;
				GCC_DYNAMIC_NO_PIC = NO;
				GCC_NO_COMMON_BLOCKS = YES;
				GCC_OPTIMIZATION_LEVEL = 0;
				GCC_PREPROCESSOR_DEFINITIONS = (
					"DEBUG=1",
					"$(inherited)",
				);
				GCC_WARN_64_TO_32_BIT_CONVERSION = YES;
				GCC_WARN_ABOUT_RETURN_TYPE = YES_ERROR;
				GCC_WARN_UNDECLARED_SELECTOR = YES;
				GCC_WARN_UNINITIALIZED_AUTOS = YES_AGGRESSIVE;
				GCC_WARN_UNUSED_FUNCTION = YES;
				GCC_WARN_UNUSED_VARIABLE = YES;
				MTL_ENABLE_DEBUG_INFO = INCLUDE_SOURCE;
				MTL_FAST_MATH = YES;
				ONLY_ACTIVE_ARCH = YES;
				SWIFT_ACTIVE_COMPILATION_CONDITIONS = DEBUG;
				SWIFT_OPTIMIZATION_LEVEL = "-Onone";
			};
			name = Debug;
		};
		E514BE942D445B9E007D3269 /* Release */ = {
			isa = XCBuildConfiguration;
			buildSettings = {
				ALWAYS_SEARCH_USER_PATHS = NO;
				CLANG_ANALYZER_NONNULL = YES;
				CLANG_ANALYZER_NUMBER_OBJECT_CONVERSION = YES_AGGRESSIVE;
				CLANG_CXX_LANGUAGE_STANDARD = "gnu++14";
				CLANG_CXX_LIBRARY = "libc++";
				CLANG_ENABLE_MODULES = YES;
				CLANG_ENABLE_OBJC_ARC = YES;
				CLANG_ENABLE_OBJC_WEAK = YES;
				CLANG_WARN_BLOCK_CAPTURE_AUTORELEASING = YES;
				CLANG_WARN_BOOL_CONVERSION = YES;
				CLANG_WARN_COMMA = YES;
				CLANG_WARN_CONSTANT_CONVERSION = YES;
				CLANG_WARN_DEPRECATED_OBJC_IMPLEMENTATIONS = YES;
				CLANG_WARN_DIRECT_OBJC_ISA_USAGE = YES_ERROR;
				CLANG_WARN_DOCUMENTATION_COMMENTS = YES;
				CLANG_WARN_EMPTY_BODY = YES;
				CLANG_WARN_ENUM_CONVERSION = YES;
				CLANG_WARN_INFINITE_RECURSION = YES;
				CLANG_WARN_INT_CONVERSION = YES;
				CLANG_WARN_NON_LITERAL_NULL_CONVERSION = YES;
				CLANG_WARN_OBJC_IMPLICIT_RETAIN_SELF = YES;
				CLANG_WARN_OBJC_LITERAL_CONVERSION = YES;
				CLANG_WARN_OBJC_ROOT_CLASS = YES_ERROR;
				CLANG_WARN_QUOTED_INCLUDE_IN_FRAMEWORK_HEADER = YES;
				CLANG_WARN_RANGE_LOOP_ANALYSIS = YES;
				CLANG_WARN_STRICT_PROTOTYPES = YES;
				CLANG_WARN_SUSPICIOUS_MOVE = YES;
				CLANG_WARN_UNGUARDED_AVAILABILITY = YES_AGGRESSIVE;
				CLANG_WARN_UNREACHABLE_CODE = YES;
				CLANG_WARN__DUPLICATE_METHOD_MATCH = YES;
				COPY_PHASE_STRIP = NO;
				DEBUG_INFORMATION_FORMAT = "dwarf-with-dsym";
				ENABLE_NS_ASSERTIONS = NO;
				ENABLE_STRICT_OBJC_MSGSEND = YES;
				GCC_C_LANGUAGE_STANDARD = gnu11;
				GCC_NO_COMMON_BLOCKS = YES;
				GCC_WARN_64_TO_32_BIT_CONVERSION = YES;
				GCC_WARN_ABOUT_RETURN_TYPE = YES_ERROR;
				GCC_WARN_UNDECLARED_SELECTOR = YES;
				GCC_WARN_UNINITIALIZED_AUTOS = YES_AGGRESSIVE;
				GCC_WARN_UNUSED_FUNCTION = YES;
				GCC_WARN_UNUSED_VARIABLE = YES;
				MTL_ENABLE_DEBUG_INFO = NO;
				MTL_FAST_MATH = YES;
				SWIFT_COMPILATION_MODE = wholemodule;
				SWIFT_OPTIMIZATION_LEVEL = "-O";
			};
			name = Release;
		};
		E514BE962D445B9E007D3269 /* Debug */ = {
			isa = XCBuildConfiguration;
			buildSettings = {
				ASSETCATALOG_COMPILER_APPICON_NAME = AppIcon;
				ASSETCATALOG_COMPILER_GLOBAL_ACCENT_COLOR_NAME = AccentColor;
				CODE_SIGN_IDENTITY = "Apple Development";
				CODE_SIGN_STYLE = Automatic;
				DEVELOPMENT_TEAM = F3B9FX4UVW;
				ENABLE_PREVIEWS = YES;
				INFOPLIST_FILE = iOS/Info.plist;
				IPHONEOS_DEPLOYMENT_TARGET = 14.0;
				LD_RUNPATH_SEARCH_PATHS = (
					"$(inherited)",
					"@executable_path/Frameworks",
				);
				PRODUCT_BUNDLE_IDENTIFIER = com.CallACole.dotaapp;
				PRODUCT_NAME = "Call-A-Cole";
				PROVISIONING_PROFILE_SPECIFIER = "";
				SDKROOT = iphoneos;
				SWIFT_VERSION = 5.0;
				TARGETED_DEVICE_FAMILY = "1,2";
			};
			name = Debug;
		};
		E514BE972D445B9E007D3269 /* Release */ = {
			isa = XCBuildConfiguration;
			buildSettings = {
				ASSETCATALOG_COMPILER_APPICON_NAME = AppIcon;
				ASSETCATALOG_COMPILER_GLOBAL_ACCENT_COLOR_NAME = AccentColor;
				CODE_SIGN_IDENTITY = "Apple Development";
				CODE_SIGN_STYLE = Automatic;
				DEVELOPMENT_TEAM = F3B9FX4UVW;
				ENABLE_PREVIEWS = YES;
				INFOPLIST_FILE = iOS/Info.plist;
				IPHONEOS_DEPLOYMENT_TARGET = 14.0;
				LD_RUNPATH_SEARCH_PATHS = (
					"$(inherited)",
					"@executable_path/Frameworks",
				);
				PRODUCT_BUNDLE_IDENTIFIER = com.CallACole.dotaapp;
				PRODUCT_NAME = "Call-A-Cole";
				PROVISIONING_PROFILE_SPECIFIER = "";
				SDKROOT = iphoneos;
				SWIFT_VERSION = 5.0;
				TARGETED_DEVICE_FAMILY = "1,2";
				VALIDATE_PRODUCT = YES;
			};
			name = Release;
		};
		E514BE992D445B9E007D3269 /* Debug */ = {
			isa = XCBuildConfiguration;
			buildSettings = {
				ASSETCATALOG_COMPILER_APPICON_NAME = AppIcon;
				ASSETCATALOG_COMPILER_GLOBAL_ACCENT_COLOR_NAME = AccentColor;
				CODE_SIGN_ENTITLEMENTS = macOS/macOS.entitlements;
				CODE_SIGN_STYLE = Automatic;
				COMBINE_HIDPI_IMAGES = YES;
				ENABLE_PREVIEWS = YES;
				INFOPLIST_FILE = macOS/Info.plist;
				LD_RUNPATH_SEARCH_PATHS = (
					"$(inherited)",
					"@executable_path/../Frameworks",
				);
				MACOSX_DEPLOYMENT_TARGET = 11.0;
				PRODUCT_BUNDLE_IDENTIFIER = "N.Call-A-Cole";
				PRODUCT_NAME = "Call-A-Cole";
				SDKROOT = macosx;
				SWIFT_VERSION = 5.0;
			};
			name = Debug;
		};
		E514BE9A2D445B9E007D3269 /* Release */ = {
			isa = XCBuildConfiguration;
			buildSettings = {
				ASSETCATALOG_COMPILER_APPICON_NAME = AppIcon;
				ASSETCATALOG_COMPILER_GLOBAL_ACCENT_COLOR_NAME = AccentColor;
				CODE_SIGN_ENTITLEMENTS = macOS/macOS.entitlements;
				CODE_SIGN_STYLE = Automatic;
				COMBINE_HIDPI_IMAGES = YES;
				ENABLE_PREVIEWS = YES;
				INFOPLIST_FILE = macOS/Info.plist;
				LD_RUNPATH_SEARCH_PATHS = (
					"$(inherited)",
					"@executable_path/../Frameworks",
				);
				MACOSX_DEPLOYMENT_TARGET = 11.0;
				PRODUCT_BUNDLE_IDENTIFIER = "N.Call-A-Cole";
				PRODUCT_NAME = "Call-A-Cole";
				SDKROOT = macosx;
				SWIFT_VERSION = 5.0;
			};
			name = Release;
		};
		E514BE9C2D445B9E007D3269 /* Debug */ = {
			isa = XCBuildConfiguration;
			buildSettings = {
				ALWAYS_EMBED_SWIFT_STANDARD_LIBRARIES = YES;
				CODE_SIGN_STYLE = Automatic;
				INFOPLIST_FILE = "Tests iOS/Info.plist";
				IPHONEOS_DEPLOYMENT_TARGET = 14.4;
				LD_RUNPATH_SEARCH_PATHS = (
					"$(inherited)",
					"@executable_path/Frameworks",
					"@loader_path/Frameworks",
				);
				PRODUCT_BUNDLE_IDENTIFIER = "N.Tests-iOS";
				PRODUCT_NAME = "$(TARGET_NAME)";
				SDKROOT = iphoneos;
				SWIFT_VERSION = 5.0;
				TARGETED_DEVICE_FAMILY = "1,2";
				TEST_TARGET_NAME = "Call-A-Cole (iOS)";
			};
			name = Debug;
		};
		E514BE9D2D445B9E007D3269 /* Release */ = {
			isa = XCBuildConfiguration;
			buildSettings = {
				ALWAYS_EMBED_SWIFT_STANDARD_LIBRARIES = YES;
				CODE_SIGN_STYLE = Automatic;
				INFOPLIST_FILE = "Tests iOS/Info.plist";
				IPHONEOS_DEPLOYMENT_TARGET = 14.4;
				LD_RUNPATH_SEARCH_PATHS = (
					"$(inherited)",
					"@executable_path/Frameworks",
					"@loader_path/Frameworks",
				);
				PRODUCT_BUNDLE_IDENTIFIER = "N.Tests-iOS";
				PRODUCT_NAME = "$(TARGET_NAME)";
				SDKROOT = iphoneos;
				SWIFT_VERSION = 5.0;
				TARGETED_DEVICE_FAMILY = "1,2";
				TEST_TARGET_NAME = "Call-A-Cole (iOS)";
				VALIDATE_PRODUCT = YES;
			};
			name = Release;
		};
		E514BE9F2D445B9E007D3269 /* Debug */ = {
			isa = XCBuildConfiguration;
			buildSettings = {
				ALWAYS_EMBED_SWIFT_STANDARD_LIBRARIES = YES;
				CODE_SIGN_STYLE = Automatic;
				COMBINE_HIDPI_IMAGES = YES;
				INFOPLIST_FILE = "Tests macOS/Info.plist";
				LD_RUNPATH_SEARCH_PATHS = (
					"$(inherited)",
					"@executable_path/../Frameworks",
					"@loader_path/../Frameworks",
				);
				MACOSX_DEPLOYMENT_TARGET = 11.1;
				PRODUCT_BUNDLE_IDENTIFIER = "N.Tests-macOS";
				PRODUCT_NAME = "$(TARGET_NAME)";
				SDKROOT = macosx;
				SWIFT_VERSION = 5.0;
				TEST_TARGET_NAME = "Call-A-Cole (macOS)";
			};
			name = Debug;
		};
		E514BEA02D445B9E007D3269 /* Release */ = {
			isa = XCBuildConfiguration;
			buildSettings = {
				ALWAYS_EMBED_SWIFT_STANDARD_LIBRARIES = YES;
				CODE_SIGN_STYLE = Automatic;
				COMBINE_HIDPI_IMAGES = YES;
				INFOPLIST_FILE = "Tests macOS/Info.plist";
				LD_RUNPATH_SEARCH_PATHS = (
					"$(inherited)",
					"@executable_path/../Frameworks",
					"@loader_path/../Frameworks",
				);
				MACOSX_DEPLOYMENT_TARGET = 11.1;
				PRODUCT_BUNDLE_IDENTIFIER = "N.Tests-macOS";
				PRODUCT_NAME = "$(TARGET_NAME)";
				SDKROOT = macosx;
				SWIFT_VERSION = 5.0;
				TEST_TARGET_NAME = "Call-A-Cole (macOS)";
			};
			name = Release;
		};
/* End XCBuildConfiguration section */

/* Begin XCConfigurationList section */
		E514BE622D445B9D007D3269 /* Build configuration list for PBXProject "Call-A-Cole" */ = {
			isa = XCConfigurationList;
			buildConfigurations = (
				E514BE932D445B9E007D3269 /* Debug */,
				E514BE942D445B9E007D3269 /* Release */,
			);
			defaultConfigurationIsVisible = 0;
			defaultConfigurationName = Release;
		};
		E514BE952D445B9E007D3269 /* Build configuration list for PBXNativeTarget "Call-A-Cole (iOS)" */ = {
			isa = XCConfigurationList;
			buildConfigurations = (
				E514BE962D445B9E007D3269 /* Debug */,
				E514BE972D445B9E007D3269 /* Release */,
			);
			defaultConfigurationIsVisible = 0;
			defaultConfigurationName = Release;
		};
		E514BE982D445B9E007D3269 /* Build configuration list for PBXNativeTarget "Call-A-Cole (macOS)" */ = {
			isa = XCConfigurationList;
			buildConfigurations = (
				E514BE992D445B9E007D3269 /* Debug */,
				E514BE9A2D445B9E007D3269 /* Release */,
			);
			defaultConfigurationIsVisible = 0;
			defaultConfigurationName = Release;
		};
		E514BE9B2D445B9E007D3269 /* Build configuration list for PBXNativeTarget "Tests iOS" */ = {
			isa = XCConfigurationList;
			buildConfigurations = (
				E514BE9C2D445B9E007D3269 /* Debug */,
				E514BE9D2D445B9E007D3269 /* Release */,
			);
			defaultConfigurationIsVisible = 0;
			defaultConfigurationName = Release;
		};
		E514BE9E2D445B9E007D3269 /* Build configuration list for PBXNativeTarget "Tests macOS" */ = {
			isa = XCConfigurationList;
			buildConfigurations = (
				E514BE9F2D445B9E007D3269 /* Debug */,
				E514BEA02D445B9E007D3269 /* Release */,
			);
			defaultConfigurationIsVisible = 0;
			defaultConfigurationName = Release;
		};
/* End XCConfigurationList section */
	};
	rootObject = E514BE5F2D445B9D007D3269 /* Project object */;
}
